
Microsoft Visual Studio Solution File, Format Version 12.00
# Visual Studio 15
VisualStudioVersion = 15.0.26430.16
MinimumVisualStudioVersion = 10.0.40219.1
Project("{FAE04EC0-301F-11D3-BF4B-00C04F79EFBC}") = "AdminServerClient", "AdminServerClient\AdminServerClient.csproj", "{4E9009DA-410E-4A43-A02D-0159BC11327C}"
EndProject
Project("{FAE04EC0-301F-11D3-BF4B-00C04F79EFBC}") = "GenerateReporteClient", "GenerateReporteClient\GenerateReporteClient.csproj", "{66F5B520-3276-45FD-9B4B-92691E45D7DF}"
EndProject
Project("{FAE04EC0-301F-11D3-BF4B-00C04F79EFBC}") = "Utiles", "Utiles\Utiles.csproj", "{280B693D-AA69-4585-B608-045DB17C989D}"
EndProject
Project("{FAE04EC0-301F-11D3-BF4B-00C04F79EFBC}") = "CargarInfoServidores", "CargarInfoServidores\CargarInfoServidores.csproj", "{4248DD71-70FB-4859-95BA-3594D71602B7}"
EndProject
Project("{FAE04EC0-301F-11D3-BF4B-00C04F79EFBC}") = "PasswordGeneratorApp", "PasswordGeneratorApp\PasswordGeneratorApp.csproj", "{34DC6F16-501F-4A9C-A016-0BF4EEE11BC3}"
EndProject
Global
	GlobalSection(SolutionConfigurationPlatforms) = preSolution
		Debug|Any CPU = Debug|Any CPU
		Release|Any CPU = Release|Any CPU
	EndGlobalSection
	GlobalSection(ProjectConfigurationPlatforms) = postSolution
		{4E9009DA-410E-4A43-A02D-0159BC11327C}.Debug|Any CPU.ActiveCfg = Debug|Any CPU
		{4E9009DA-410E-4A43-A02D-0159BC11327C}.Debug|Any CPU.Build.0 = Debug|Any CPU
		{4E9009DA-410E-4A43-A02D-0159BC11327C}.Release|Any CPU.ActiveCfg = Release|Any CPU
		{4E9009DA-410E-4A43-A02D-0159BC11327C}.Release|Any CPU.Build.0 = Release|Any CPU
		{66F5B520-3276-45FD-9B4B-92691E45D7DF}.Debug|Any CPU.ActiveCfg = Debug|Any CPU
		{66F5B520-3276-45FD-9B4B-92691E45D7DF}.Debug|Any CPU.Build.0 = Debug|Any CPU
		{66F5B520-3276-45FD-9B4B-92691E45D7DF}.Release|Any CPU.ActiveCfg = Release|Any CPU
		{66F5B520-3276-45FD-9B4B-92691E45D7DF}.Release|Any CPU.Build.0 = Release|Any CPU
		{280B693D-AA69-4585-B608-045DB17C989D}.Debug|Any CPU.ActiveCfg = Debug|Any CPU
		{280B693D-AA69-4585-B608-045DB17C989D}.Debug|Any CPU.Build.0 = Debug|Any CPU
		{280B693D-AA69-4585-B608-045DB17C989D}.Release|Any CPU.ActiveCfg = Release|Any CPU
		{280B693D-AA69-4585-B608-045DB17C989D}.Release|Any CPU.Build.0 = Release|Any CPU
		{4248DD71-70FB-4859-95BA-3594D71602B7}.Debug|Any CPU.ActiveCfg = Debug|Any CPU
		{4248DD71-70FB-4859-95BA-3594D71602B7}.Debug|Any CPU.Build.0 = Debug|Any CPU
		{4248DD71-70FB-4859-95BA-3594D71602B7}.Release|Any CPU.ActiveCfg = Release|Any CPU
		{4248DD71-70FB-4859-95BA-3594D71602B7}.Release|Any CPU.Build.0 = Release|Any CPU
		{34DC6F16-501F-4A9C-A016-0BF4EEE11BC3}.Debug|Any CPU.ActiveCfg = Debug|Any CPU
		{34DC6F16-501F-4A9C-A016-0BF4EEE11BC3}.Debug|Any CPU.Build.0 = Debug|Any CPU
		{34DC6F16-501F-4A9C-A016-0BF4EEE11BC3}.Release|Any CPU.ActiveCfg = Release|Any CPU
		{34DC6F16-501F-4A9C-A016-0BF4EEE11BC3}.Release|Any CPU.Build.0 = Release|Any CPU
	EndGlobalSection
	GlobalSection(SolutionProperties) = preSolution
		HideSolutionNode = FALSE
	EndGlobalSection
EndGlobal
